// !$*UTF8*$!
{
	archiveVersion = 1;
	classes = {
	};
	objectVersion = 50;
	objects = {

/* Begin PBXBuildFile section */
		22519232625C0FEDFBC40698 /* Pods_async_fundamentals.framework in Frameworks */ = {isa = PBXBuildFile; fileRef = 5A4F0D9A5DF59DC593C86D83 /* Pods_async_fundamentals.framework */; };
		AC101214667FB03C24AFD12B /* Pods_async_fundamentalsTests.framework in Frameworks */ = {isa = PBXBuildFile; fileRef = 82939E8C6EFC86BDD3AB2466 /* Pods_async_fundamentalsTests.framework */; };
		D72619E622387C7C00759080 /* AppDelegate.swift in Sources */ = {isa = PBXBuildFile; fileRef = D72619E522387C7C00759080 /* AppDelegate.swift */; };
		D72619E822387C7C00759080 /* ViewController.swift in Sources */ = {isa = PBXBuildFile; fileRef = D72619E722387C7C00759080 /* ViewController.swift */; };
		D72619EB22387C7C00759080 /* Main.storyboard in Resources */ = {isa = PBXBuildFile; fileRef = D72619E922387C7C00759080 /* Main.storyboard */; };
		D72619ED22387C7E00759080 /* Assets.xcassets in Resources */ = {isa = PBXBuildFile; fileRef = D72619EC22387C7E00759080 /* Assets.xcassets */; };
		D72619F022387C7E00759080 /* LaunchScreen.storyboard in Resources */ = {isa = PBXBuildFile; fileRef = D72619EE22387C7E00759080 /* LaunchScreen.storyboard */; };
		D72619FB22387C7E00759080 /* async_fundamentalsTests.swift in Sources */ = {isa = PBXBuildFile; fileRef = D72619FA22387C7E00759080 /* async_fundamentalsTests.swift */; };
		D7261A0622387D9C00759080 /* Person.swift in Sources */ = {isa = PBXBuildFile; fileRef = D7261A0522387D9C00759080 /* Person.swift */; };
/* End PBXBuildFile section */

/* Begin PBXContainerItemProxy section */
		D72619F722387C7E00759080 /* PBXContainerItemProxy */ = {
			isa = PBXContainerItemProxy;
			containerPortal = D72619DA22387C7C00759080 /* Project object */;
			proxyType = 1;
			remoteGlobalIDString = D72619E122387C7C00759080;
			remoteInfo = async_fundamentals;
		};
/* End PBXContainerItemProxy section */

/* Begin PBXFileReference section */
		5A4F0D9A5DF59DC593C86D83 /* Pods_async_fundamentals.framework */ = {isa = PBXFileReference; explicitFileType = wrapper.framework; includeInIndex = 0; path = Pods_async_fundamentals.framework; sourceTree = BUILT_PRODUCTS_DIR; };
		5A6BADB316A4421DB758B865 /* Pods-async_fundamentals.debug.xcconfig */ = {isa = PBXFileReference; includeInIndex = 1; lastKnownFileType = text.xcconfig; name = "Pods-async_fundamentals.debug.xcconfig"; path = "Target Support Files/Pods-async_fundamentals/Pods-async_fundamentals.debug.xcconfig"; sourceTree = "<group>"; };
		64F63BF9AB14A3034F35A54F /* Pods-async_fundamentalsTests.debug.xcconfig */ = {isa = PBXFileReference; includeInIndex = 1; lastKnownFileType = text.xcconfig; name = "Pods-async_fundamentalsTests.debug.xcconfig"; path = "Target Support Files/Pods-async_fundamentalsTests/Pods-async_fundamentalsTests.debug.xcconfig"; sourceTree = "<group>"; };
		82939E8C6EFC86BDD3AB2466 /* Pods_async_fundamentalsTests.framework */ = {isa = PBXFileReference; explicitFileType = wrapper.framework; includeInIndex = 0; path = Pods_async_fundamentalsTests.framework; sourceTree = BUILT_PRODUCTS_DIR; };
		A56902A0D90673D8B3FB7ADC /* Pods-async_fundamentalsTests.release.xcconfig */ = {isa = PBXFileReference; includeInIndex = 1; lastKnownFileType = text.xcconfig; name = "Pods-async_fundamentalsTests.release.xcconfig"; path = "Target Support Files/Pods-async_fundamentalsTests/Pods-async_fundamentalsTests.release.xcconfig"; sourceTree = "<group>"; };
		BF22BF7FF221EEBD4AC53A75 /* Pods-async_fundamentals.release.xcconfig */ = {isa = PBXFileReference; includeInIndex = 1; lastKnownFileType = text.xcconfig; name = "Pods-async_fundamentals.release.xcconfig"; path = "Target Support Files/Pods-async_fundamentals/Pods-async_fundamentals.release.xcconfig"; sourceTree = "<group>"; };
		D72619E222387C7C00759080 /* async_fundamentals.app */ = {isa = PBXFileReference; explicitFileType = wrapper.application; includeInIndex = 0; path = async_fundamentals.app; sourceTree = BUILT_PRODUCTS_DIR; };
		D72619E522387C7C00759080 /* AppDelegate.swift */ = {isa = PBXFileReference; lastKnownFileType = sourcecode.swift; path = AppDelegate.swift; sourceTree = "<group>"; };
		D72619E722387C7C00759080 /* ViewController.swift */ = {isa = PBXFileReference; lastKnownFileType = sourcecode.swift; path = ViewController.swift; sourceTree = "<group>"; };
		D72619EA22387C7C00759080 /* Base */ = {isa = PBXFileReference; lastKnownFileType = file.storyboard; name = Base; path = Base.lproj/Main.storyboard; sourceTree = "<group>"; };
		D72619EC22387C7E00759080 /* Assets.xcassets */ = {isa = PBXFileReference; lastKnownFileType = folder.assetcatalog; path = Assets.xcassets; sourceTree = "<group>"; };
		D72619EF22387C7E00759080 /* Base */ = {isa = PBXFileReference; lastKnownFileType = file.storyboard; name = Base; path = Base.lproj/LaunchScreen.storyboard; sourceTree = "<group>"; };
		D72619F122387C7E00759080 /* Info.plist */ = {isa = PBXFileReference; lastKnownFileType = text.plist.xml; path = Info.plist; sourceTree = "<group>"; };
		D72619F622387C7E00759080 /* async_fundamentalsTests.xctest */ = {isa = PBXFileReference; explicitFileType = wrapper.cfbundle; includeInIndex = 0; path = async_fundamentalsTests.xctest; sourceTree = BUILT_PRODUCTS_DIR; };
		D72619FA22387C7E00759080 /* async_fundamentalsTests.swift */ = {isa = PBXFileReference; lastKnownFileType = sourcecode.swift; path = async_fundamentalsTests.swift; sourceTree = "<group>"; };
		D72619FC22387C7E00759080 /* Info.plist */ = {isa = PBXFileReference; lastKnownFileType = text.plist.xml; path = Info.plist; sourceTree = "<group>"; };
		D7261A0522387D9C00759080 /* Person.swift */ = {isa = PBXFileReference; lastKnownFileType = sourcecode.swift; path = Person.swift; sourceTree = "<group>"; };
		D7261A072238AC9C00759080 /* async_patterns.playground */ = {isa = PBXFileReference; lastKnownFileType = file.playground; path = async_patterns.playground; sourceTree = "<group>"; xcLanguageSpecificationIdentifier = xcode.lang.swift; };
/* End PBXFileReference section */

/* Begin PBXFrameworksBuildPhase section */
		D72619DF22387C7C00759080 /* Frameworks */ = {
			isa = PBXFrameworksBuildPhase;
			buildActionMask = 2147483647;
			files = (
				22519232625C0FEDFBC40698 /* Pods_async_fundamentals.framework in Frameworks */,
			);
			runOnlyForDeploymentPostprocessing = 0;
		};
		D72619F322387C7E00759080 /* Frameworks */ = {
			isa = PBXFrameworksBuildPhase;
			buildActionMask = 2147483647;
			files = (
				AC101214667FB03C24AFD12B /* Pods_async_fundamentalsTests.framework in Frameworks */,
			);
			runOnlyForDeploymentPostprocessing = 0;
		};
/* End PBXFrameworksBuildPhase section */

/* Begin PBXGroup section */
		6D72779D154C4EFFF721A90D /* Frameworks */ = {
			isa = PBXGroup;
			children = (
				5A4F0D9A5DF59DC593C86D83 /* Pods_async_fundamentals.framework */,
				82939E8C6EFC86BDD3AB2466 /* Pods_async_fundamentalsTests.framework */,
			);
			name = Frameworks;
			sourceTree = "<group>";
		};
		7839D4A547AAD2D5927CF90E /* Pods */ = {
			isa = PBXGroup;
			children = (
				5A6BADB316A4421DB758B865 /* Pods-async_fundamentals.debug.xcconfig */,
				BF22BF7FF221EEBD4AC53A75 /* Pods-async_fundamentals.release.xcconfig */,
				64F63BF9AB14A3034F35A54F /* Pods-async_fundamentalsTests.debug.xcconfig */,
				A56902A0D90673D8B3FB7ADC /* Pods-async_fundamentalsTests.release.xcconfig */,
			);
			path = Pods;
			sourceTree = "<group>";
		};
		D72619D922387C7C00759080 = {
			isa = PBXGroup;
			children = (
				D72619E422387C7C00759080 /* async_fundamentals */,
				D72619F922387C7E00759080 /* async_fundamentalsTests */,
				D72619E322387C7C00759080 /* Products */,
				7839D4A547AAD2D5927CF90E /* Pods */,
				6D72779D154C4EFFF721A90D /* Frameworks */,
			);
			sourceTree = "<group>";
		};
		D72619E322387C7C00759080 /* Products */ = {
			isa = PBXGroup;
			children = (
				D72619E222387C7C00759080 /* async_fundamentals.app */,
				D72619F622387C7E00759080 /* async_fundamentalsTests.xctest */,
			);
			name = Products;
			sourceTree = "<group>";
		};
		D72619E422387C7C00759080 /* async_fundamentals */ = {
			isa = PBXGroup;
			children = (
				D7261A072238AC9C00759080 /* async_patterns.playground */,
				D72619E522387C7C00759080 /* AppDelegate.swift */,
				D72619E722387C7C00759080 /* ViewController.swift */,
				D7261A0522387D9C00759080 /* Person.swift */,
				D72619E922387C7C00759080 /* Main.storyboard */,
				D72619EC22387C7E00759080 /* Assets.xcassets */,
				D72619EE22387C7E00759080 /* LaunchScreen.storyboard */,
				D72619F122387C7E00759080 /* Info.plist */,
			);
			path = async_fundamentals;
			sourceTree = "<group>";
		};
		D72619F922387C7E00759080 /* async_fundamentalsTests */ = {
			isa = PBXGroup;
			children = (
				D72619FA22387C7E00759080 /* async_fundamentalsTests.swift */,
				D72619FC22387C7E00759080 /* Info.plist */,
			);
			path = async_fundamentalsTests;
			sourceTree = "<group>";
		};
/* End PBXGroup section */

/* Begin PBXNativeTarget section */
		D72619E122387C7C00759080 /* async_fundamentals */ = {
			isa = PBXNativeTarget;
			buildConfigurationList = D72619FF22387C7E00759080 /* Build configuration list for PBXNativeTarget "async_fundamentals" */;
			buildPhases = (
				22BE5F77EF0DE93CF4326AAF /* [CP] Check Pods Manifest.lock */,
				D72619DE22387C7C00759080 /* Sources */,
				D72619DF22387C7C00759080 /* Frameworks */,
				D72619E022387C7C00759080 /* Resources */,
				2BC05C87614477EC122EA4A1 /* [CP] Embed Pods Frameworks */,
			);
			buildRules = (
			);
			dependencies = (
			);
			name = async_fundamentals;
			productName = async_fundamentals;
			productReference = D72619E222387C7C00759080 /* async_fundamentals.app */;
			productType = "com.apple.product-type.application";
		};
		D72619F522387C7E00759080 /* async_fundamentalsTests */ = {
			isa = PBXNativeTarget;
			buildConfigurationList = D7261A0222387C7E00759080 /* Build configuration list for PBXNativeTarget "async_fundamentalsTests" */;
			buildPhases = (
				CEC377ACA79188D52E106178 /* [CP] Check Pods Manifest.lock */,
				D72619F222387C7E00759080 /* Sources */,
				D72619F322387C7E00759080 /* Frameworks */,
				D72619F422387C7E00759080 /* Resources */,
			);
			buildRules = (
			);
			dependencies = (
				D72619F822387C7E00759080 /* PBXTargetDependency */,
			);
			name = async_fundamentalsTests;
			productName = async_fundamentalsTests;
			productReference = D72619F622387C7E00759080 /* async_fundamentalsTests.xctest */;
			productType = "com.apple.product-type.bundle.unit-test";
		};
/* End PBXNativeTarget section */

/* Begin PBXProject section */
		D72619DA22387C7C00759080 /* Project object */ = {
			isa = PBXProject;
			attributes = {
				LastSwiftUpdateCheck = 1010;
				LastUpgradeCheck = 1010;
				ORGANIZATIONNAME = iosdevrookie;
				TargetAttributes = {
					D72619E122387C7C00759080 = {
						CreatedOnToolsVersion = 10.1;
					};
					D72619F522387C7E00759080 = {
						CreatedOnToolsVersion = 10.1;
						TestTargetID = D72619E122387C7C00759080;
					};
				};
			};
			buildConfigurationList = D72619DD22387C7C00759080 /* Build configuration list for PBXProject "async_fundamentals" */;
			compatibilityVersion = "Xcode 9.3";
			developmentRegion = en;
			hasScannedForEncodings = 0;
			knownRegions = (
				en,
				Base,
			);
			mainGroup = D72619D922387C7C00759080;
			productRefGroup = D72619E322387C7C00759080 /* Products */;
			projectDirPath = "";
			projectRoot = "";
			targets = (
				D72619E122387C7C00759080 /* async_fundamentals */,
				D72619F522387C7E00759080 /* async_fundamentalsTests */,
			);
		};
/* End PBXProject section */

/* Begin PBXResourcesBuildPhase section */
		D72619E022387C7C00759080 /* Resources */ = {
			isa = PBXResourcesBuildPhase;
			buildActionMask = 2147483647;
			files = (
				D72619F022387C7E00759080 /* LaunchScreen.storyboard in Resources */,
				D72619ED22387C7E00759080 /* Assets.xcassets in Resources */,
				D72619EB22387C7C00759080 /* Main.storyboard in Resources */,
			);
			runOnlyForDeploymentPostprocessing = 0;
		};
		D72619F422387C7E00759080 /* Resources */ = {
			isa = PBXResourcesBuildPhase;
			buildActionMask = 2147483647;
			files = (
			);
			runOnlyForDeploymentPostprocessing = 0;
		};
/* End PBXResourcesBuildPhase section */

/* Begin PBXShellScriptBuildPhase section */
		22BE5F77EF0DE93CF4326AAF /* [CP] Check Pods Manifest.lock */ = {
			isa = PBXShellScriptBuildPhase;
			buildActionMask = 2147483647;
			files = (
			);
			inputFileListPaths = (
			);
			inputPaths = (
				"${PODS_PODFILE_DIR_PATH}/Podfile.lock",
				"${PODS_ROOT}/Manifest.lock",
			);
			name = "[CP] Check Pods Manifest.lock";
			outputFileListPaths = (
			);
			outputPaths = (
				"$(DERIVED_FILE_DIR)/Pods-async_fundamentals-checkManifestLockResult.txt",
			);
			runOnlyForDeploymentPostprocessing = 0;
			shellPath = /bin/sh;
			shellScript = "diff \"${PODS_PODFILE_DIR_PATH}/Podfile.lock\" \"${PODS_ROOT}/Manifest.lock\" > /dev/null\nif [ $? != 0 ] ; then\n    # print error to STDERR\n    echo \"error: The sandbox is not in sync with the Podfile.lock. Run 'pod install' or update your CocoaPods installation.\" >&2\n    exit 1\nfi\n# This output is used by Xcode 'outputs' to avoid re-running this script phase.\necho \"SUCCESS\" > \"${SCRIPT_OUTPUT_FILE_0}\"\n";
			showEnvVarsInLog = 0;
		};
		2BC05C87614477EC122EA4A1 /* [CP] Embed Pods Frameworks */ = {
			isa = PBXShellScriptBuildPhase;
			buildActionMask = 2147483647;
			files = (
			);
			inputFileListPaths = (
			);
			inputPaths = (
				"${PODS_ROOT}/Target Support Files/Pods-async_fundamentals/Pods-async_fundamentals-frameworks.sh",
				"${BUILT_PRODUCTS_DIR}/PromiseKit/PromiseKit.framework",
				"${BUILT_PRODUCTS_DIR}/RxAtomic/RxAtomic.framework",
				"${BUILT_PRODUCTS_DIR}/RxCocoa/RxCocoa.framework",
				"${BUILT_PRODUCTS_DIR}/RxSwift/RxSwift.framework",
			);
			name = "[CP] Embed Pods Frameworks";
			outputFileListPaths = (
			);
			outputPaths = (
				"${TARGET_BUILD_DIR}/${FRAMEWORKS_FOLDER_PATH}/PromiseKit.framework",
				"${TARGET_BUILD_DIR}/${FRAMEWORKS_FOLDER_PATH}/RxAtomic.framework",
				"${TARGET_BUILD_DIR}/${FRAMEWORKS_FOLDER_PATH}/RxCocoa.framework",
				"${TARGET_BUILD_DIR}/${FRAMEWORKS_FOLDER_PATH}/RxSwift.framework",
			);
			runOnlyForDeploymentPostprocessing = 0;
			shellPath = /bin/sh;
			shellScript = "\"${PODS_ROOT}/Target Support Files/Pods-async_fundamentals/Pods-async_fundamentals-frameworks.sh\"\n";
			showEnvVarsInLog = 0;
		};
		CEC377ACA79188D52E106178 /* [CP] Check Pods Manifest.lock */ = {
			isa = PBXShellScriptBuildPhase;
			buildActionMask = 2147483647;
			files = (
			);
			inputFileListPaths = (
			);
			inputPaths = (
				"${PODS_PODFILE_DIR_PATH}/Podfile.lock",
				"${PODS_ROOT}/Manifest.lock",
			);
			name = "[CP] Check Pods Manifest.lock";
			outputFileListPaths = (
			);
			outputPaths = (
				"$(DERIVED_FILE_DIR)/Pods-async_fundamentalsTests-checkManifestLockResult.txt",
			);
			runOnlyForDeploymentPostprocessing = 0;
			shellPath = /bin/sh;
			shellScript = "diff \"${PODS_PODFILE_DIR_PATH}/Podfile.lock\" \"${PODS_ROOT}/Manifest.lock\" > /dev/null\nif [ $? != 0 ] ; then\n    # print error to STDERR\n    echo \"error: The sandbox is not in sync with the Podfile.lock. Run 'pod install' or update your CocoaPods installation.\" >&2\n    exit 1\nfi\n# This output is used by Xcode 'outputs' to avoid re-running this script phase.\necho \"SUCCESS\" > \"${SCRIPT_OUTPUT_FILE_0}\"\n";
			showEnvVarsInLog = 0;
		};
/* End PBXShellScriptBuildPhase section */

/* Begin PBXSourcesBuildPhase section */
		D72619DE22387C7C00759080 /* Sources */ = {
			isa = PBXSourcesBuildPhase;
			buildActionMask = 2147483647;
			files = (
				D7261A0622387D9C00759080 /* Person.swift in Sources */,
				D72619E822387C7C00759080 /* ViewController.swift in Sources */,
				D72619E622387C7C00759080 /* AppDelegate.swift in Sources */,
			);
			runOnlyForDeploymentPostprocessing = 0;
		};
		D72619F222387C7E00759080 /* Sources */ = {
			isa = PBXSourcesBuildPhase;
			buildActionMask = 2147483647;
			files = (
				D72619FB22387C7E00759080 /* async_fundamentalsTests.swift in Sources */,
			);
			runOnlyForDeploymentPostprocessing = 0;
		};
/* End PBXSourcesBuildPhase section */

/* Begin PBXTargetDependency section */
		D72619F822387C7E00759080 /* PBXTargetDependency */ = {
			isa = PBXTargetDependency;
			target = D72619E122387C7C00759080 /* async_fundamentals */;
			targetProxy = D72619F722387C7E00759080 /* PBXContainerItemProxy */;
		};
/* End PBXTargetDependency section */

/* Begin PBXVariantGroup section */
		D72619E922387C7C00759080 /* Main.storyboard */ = {
			isa = PBXVariantGroup;
			children = (
				D72619EA22387C7C00759080 /* Base */,
			);
			name = Main.storyboard;
			sourceTree = "<group>";
		};
		D72619EE22387C7E00759080 /* LaunchScreen.storyboard */ = {
			isa = PBXVariantGroup;
			children = (
				D72619EF22387C7E00759080 /* Base */,
			);
			name = LaunchScreen.storyboard;
			sourceTree = "<group>";
		};
/* End PBXVariantGroup section */

/* Begin XCBuildConfiguration section */
		D72619FD22387C7E00759080 /* Debug */ = {
			isa = XCBuildConfiguration;
			buildSettings = {
				ALWAYS_SEARCH_USER_PATHS = NO;
				CLANG_ANALYZER_NONNULL = YES;
				CLANG_ANALYZER_NUMBER_OBJECT_CONVERSION = YES_AGGRESSIVE;
				CLANG_CXX_LANGUAGE_STANDARD = "gnu++14";
				CLANG_CXX_LIBRARY = "libc++";
				CLANG_ENABLE_MODULES = YES;
				CLANG_ENABLE_OBJC_ARC = YES;
				CLANG_ENABLE_OBJC_WEAK = YES;
				CLANG_WARN_BLOCK_CAPTURE_AUTORELEASING = YES;
				CLANG_WARN_BOOL_CONVERSION = YES;
				CLANG_WARN_COMMA = YES;
				CLANG_WARN_CONSTANT_CONVERSION = YES;
				CLANG_WARN_DEPRECATED_OBJC_IMPLEMENTATIONS = YES;
				CLANG_WARN_DIRECT_OBJC_ISA_USAGE = YES_ERROR;
				CLANG_WARN_DOCUMENTATION_COMMENTS = YES;
				CLANG_WARN_EMPTY_BODY = YES;
				CLANG_WARN_ENUM_CONVERSION = YES;
				CLANG_WARN_INFINITE_RECURSION = YES;
				CLANG_WARN_INT_CONVERSION = YES;
				CLANG_WARN_NON_LITERAL_NULL_CONVERSION = YES;
				CLANG_WARN_OBJC_IMPLICIT_RETAIN_SELF = YES;
				CLANG_WARN_OBJC_LITERAL_CONVERSION = YES;
				CLANG_WARN_OBJC_ROOT_CLASS = YES_ERROR;
				CLANG_WARN_RANGE_LOOP_ANALYSIS = YES;
				CLANG_WARN_STRICT_PROTOTYPES = YES;
				CLANG_WARN_SUSPICIOUS_MOVE = YES;
				CLANG_WARN_UNGUARDED_AVAILABILITY = YES_AGGRESSIVE;
				CLANG_WARN_UNREACHABLE_CODE = YES;
				CLANG_WARN__DUPLICATE_METHOD_MATCH = YES;
				CODE_SIGN_IDENTITY = "iPhone Developer";
				COPY_PHASE_STRIP = NO;
				DEBUG_INFORMATION_FORMAT = dwarf;
				ENABLE_STRICT_OBJC_MSGSEND = YES;
				ENABLE_TESTABILITY = YES;
				GCC_C_LANGUAGE_STANDARD = gnu11;
				GCC_DYNAMIC_NO_PIC = NO;
				GCC_NO_COMMON_BLOCKS = YES;
				GCC_OPTIMIZATION_LEVEL = 0;
				GCC_PREPROCESSOR_DEFINITIONS = (
					"DEBUG=1",
					"$(inherited)",
				);
				GCC_WARN_64_TO_32_BIT_CONVERSION = YES;
				GCC_WARN_ABOUT_RETURN_TYPE = YES_ERROR;
				GCC_WARN_UNDECLARED_SELECTOR = YES;
				GCC_WARN_UNINITIALIZED_AUTOS = YES_AGGRESSIVE;
				GCC_WARN_UNUSED_FUNCTION = YES;
				GCC_WARN_UNUSED_VARIABLE = YES;
				IPHONEOS_DEPLOYMENT_TARGET = 12.1;
				MTL_ENABLE_DEBUG_INFO = INCLUDE_SOURCE;
				MTL_FAST_MATH = YES;
				ONLY_ACTIVE_ARCH = YES;
				SDKROOT = iphoneos;
				SWIFT_ACTIVE_COMPILATION_CONDITIONS = DEBUG;
				SWIFT_OPTIMIZATION_LEVEL = "-Onone";
			};
			name = Debug;
		};
		D72619FE22387C7E00759080 /* Release */ = {
			isa = XCBuildConfiguration;
			buildSettings = {
				ALWAYS_SEARCH_USER_PATHS = NO;
				CLANG_ANALYZER_NONNULL = YES;
				CLANG_ANALYZER_NUMBER_OBJECT_CONVERSION = YES_AGGRESSIVE;
				CLANG_CXX_LANGUAGE_STANDARD = "gnu++14";
				CLANG_CXX_LIBRARY = "libc++";
				CLANG_ENABLE_MODULES = YES;
				CLANG_ENABLE_OBJC_ARC = YES;
				CLANG_ENABLE_OBJC_WEAK = YES;
				CLANG_WARN_BLOCK_CAPTURE_AUTORELEASING = YES;
				CLANG_WARN_BOOL_CONVERSION = YES;
				CLANG_WARN_COMMA = YES;
				CLANG_WARN_CONSTANT_CONVERSION = YES;
				CLANG_WARN_DEPRECATED_OBJC_IMPLEMENTATIONS = YES;
				CLANG_WARN_DIRECT_OBJC_ISA_USAGE = YES_ERROR;
				CLANG_WARN_DOCUMENTATION_COMMENTS = YES;
				CLANG_WARN_EMPTY_BODY = YES;
				CLANG_WARN_ENUM_CONVERSION = YES;
				CLANG_WARN_INFINITE_RECURSION = YES;
				CLANG_WARN_INT_CONVERSION = YES;
				CLANG_WARN_NON_LITERAL_NULL_CONVERSION = YES;
				CLANG_WARN_OBJC_IMPLICIT_RETAIN_SELF = YES;
				CLANG_WARN_OBJC_LITERAL_CONVERSION = YES;
				CLANG_WARN_OBJC_ROOT_CLASS = YES_ERROR;
				CLANG_WARN_RANGE_LOOP_ANALYSIS = YES;
				CLANG_WARN_STRICT_PROTOTYPES = YES;
				CLANG_WARN_SUSPICIOUS_MOVE = YES;
				CLANG_WARN_UNGUARDED_AVAILABILITY = YES_AGGRESSIVE;
				CLANG_WARN_UNREACHABLE_CODE = YES;
				CLANG_WARN__DUPLICATE_METHOD_MATCH = YES;
				CODE_SIGN_IDENTITY = "iPhone Developer";
				COPY_PHASE_STRIP = NO;
				DEBUG_INFORMATION_FORMAT = "dwarf-with-dsym";
				ENABLE_NS_ASSERTIONS = NO;
				ENABLE_STRICT_OBJC_MSGSEND = YES;
				GCC_C_LANGUAGE_STANDARD = gnu11;
				GCC_NO_COMMON_BLOCKS = YES;
				GCC_WARN_64_TO_32_BIT_CONVERSION = YES;
				GCC_WARN_ABOUT_RETURN_TYPE = YES_ERROR;
				GCC_WARN_UNDECLARED_SELECTOR = YES;
				GCC_WARN_UNINITIALIZED_AUTOS = YES_AGGRESSIVE;
				GCC_WARN_UNUSED_FUNCTION = YES;
				GCC_WARN_UNUSED_VARIABLE = YES;
				IPHONEOS_DEPLOYMENT_TARGET = 12.1;
				MTL_ENABLE_DEBUG_INFO = NO;
				MTL_FAST_MATH = YES;
				SDKROOT = iphoneos;
				SWIFT_COMPILATION_MODE = wholemodule;
				SWIFT_OPTIMIZATION_LEVEL = "-O";
				VALIDATE_PRODUCT = YES;
			};
			name = Release;
		};
		D7261A0022387C7E00759080 /* Debug */ = {
			isa = XCBuildConfiguration;
			baseConfigurationReference = 5A6BADB316A4421DB758B865 /* Pods-async_fundamentals.debug.xcconfig */;
			buildSettings = {
				ASSETCATALOG_COMPILER_APPICON_NAME = AppIcon;
				CODE_SIGN_STYLE = Automatic;
				INFOPLIST_FILE = async_fundamentals/Info.plist;
				LD_RUNPATH_SEARCH_PATHS = (
					"$(inherited)",
					"@executable_path/Frameworks",
				);
				PRODUCT_BUNDLE_IDENTIFIER = com.superapiguy.asyncfundamentals;
				PRODUCT_NAME = "$(TARGET_NAME)";
				SWIFT_VERSION = 4.2;
				TARGETED_DEVICE_FAMILY = "1,2";
			};
			name = Debug;
		};
		D7261A0122387C7E00759080 /* Release */ = {
			isa = XCBuildConfiguration;
			baseConfigurationReference = BF22BF7FF221EEBD4AC53A75 /* Pods-async_fundamentals.release.xcconfig */;
			buildSettings = {
				ASSETCATALOG_COMPILER_APPICON_NAME = AppIcon;
				CODE_SIGN_STYLE = Automatic;
				INFOPLIST_FILE = async_fundamentals/Info.plist;
				LD_RUNPATH_SEARCH_PATHS = (
					"$(inherited)",
					"@executable_path/Frameworks",
				);
				PRODUCT_BUNDLE_IDENTIFIER = com.superapiguy.asyncfundamentals;
				PRODUCT_NAME = "$(TARGET_NAME)";
				SWIFT_VERSION = 4.2;
				TARGETED_DEVICE_FAMILY = "1,2";
			};
			name = Release;
		};
		D7261A0322387C7E00759080 /* Debug */ = {
			isa = XCBuildConfiguration;
			baseConfigurationReference = 64F63BF9AB14A3034F35A54F /* Pods-async_fundamentalsTests.debug.xcconfig */;
			buildSettings = {
				ALWAYS_EMBED_SWIFT_STANDARD_LIBRARIES = YES;
				BUNDLE_LOADER = "$(TEST_HOST)";
				CODE_SIGN_STYLE = Automatic;
				INFOPLIST_FILE = async_fundamentalsTests/Info.plist;
				LD_RUNPATH_SEARCH_PATHS = (
					"$(inherited)",
					"@executable_path/Frameworks",
					"@loader_path/Frameworks",
				);
				PRODUCT_BUNDLE_IDENTIFIER = "com.superapiguy.async-fundamentalsTests";
				PRODUCT_NAME = "$(TARGET_NAME)";
				SWIFT_VERSION = 4.2;
				TARGETED_DEVICE_FAMILY = "1,2";
				TEST_HOST = "$(BUILT_PRODUCTS_DIR)/async_fundamentals.app/async_fundamentals";
			};
			name = Debug;
		};
		D7261A0422387C7E00759080 /* Release */ = {
			isa = XCBuildConfiguration;
			baseConfigurationReference = A56902A0D90673D8B3FB7ADC /* Pods-async_fundamentalsTests.release.xcconfig */;
			buildSettings = {
				ALWAYS_EMBED_SWIFT_STANDARD_LIBRARIES = YES;
				BUNDLE_LOADER = "$(TEST_HOST)";
				CODE_SIGN_STYLE = Automatic;
				INFOPLIST_FILE = async_fundamentalsTests/Info.plist;
				LD_RUNPATH_SEARCH_PATHS = (
					"$(inherited)",
					"@executable_path/Frameworks",
					"@loader_path/Frameworks",
				);
				PRODUCT_BUNDLE_IDENTIFIER = "com.superapiguy.async-fundamentalsTests";
				PRODUCT_NAME = "$(TARGET_NAME)";
				SWIFT_VERSION = 4.2;
				TARGETED_DEVICE_FAMILY = "1,2";
				TEST_HOST = "$(BUILT_PRODUCTS_DIR)/async_fundamentals.app/async_fundamentals";
			};
			name = Release;
		};
/* End XCBuildConfiguration section */

/* Begin XCConfigurationList section */
		D72619DD22387C7C00759080 /* Build configuration list for PBXProject "async_fundamentals" */ = {
			isa = XCConfigurationList;
			buildConfigurations = (
				D72619FD22387C7E00759080 /* Debug */,
				D72619FE22387C7E00759080 /* Release */,
			);
			defaultConfigurationIsVisible = 0;
			defaultConfigurationName = Release;
		};
		D72619FF22387C7E00759080 /* Build configuration list for PBXNativeTarget "async_fundamentals" */ = {
			isa = XCConfigurationList;
			buildConfigurations = (
				D7261A0022387C7E00759080 /* Debug */,
				D7261A0122387C7E00759080 /* Release */,
			);
			defaultConfigurationIsVisible = 0;
			defaultConfigurationName = Release;
		};
		D7261A0222387C7E00759080 /* Build configuration list for PBXNativeTarget "async_fundamentalsTests" */ = {
			isa = XCConfigurationList;
			buildConfigurations = (
				D7261A0322387C7E00759080 /* Debug */,
				D7261A0422387C7E00759080 /* Release */,
			);
			defaultConfigurationIsVisible = 0;
			defaultConfigurationName = Release;
		};
/* End XCConfigurationList section */
	};
	rootObject = D72619DA22387C7C00759080 /* Project object */;
}
